{
  "name": "rust-tool",
  "version": "0.0.1",
  "lockfileVersion": 3,
  "requires": true,
  "packages": {
    "": {
      "name": "rust-tool",
      "version": "0.0.1",
      "license": "ISC",
      "dependencies": {
        "rustrcon": "^1.0.2"
      }
    },
    "node_modules/async-limiter": {
      "version": "1.0.1",
      "resolved": "https://registry.npmjs.org/async-limiter/-/async-limiter-1.0.1.tgz",
      "integrity": "sha512-csOlWGAcRFJaI6m+F2WKdnMKr4HhdhFVBk0H/QbJFMCr+uO2kwohwXQPxw/9OCxp05r5ghVBFSyioixx3gfkNQ=="
    },
    "node_modules/rustrcon": {
      "version": "1.0.2",
      "resolved": "https://registry.npmjs.org/rustrcon/-/rustrcon-1.0.2.tgz",
      "integrity": "sha512-wgQn7NWeTQm4iSMt8Z6n1kDPqDjqoe6P2XvbYiPWHINIJ1UWAx/lwt03GiJhHnXbXxvnLl0F68CDcnaeknh1wQ==",
      "dependencies": {
        "ws": "^6.1.2"
      }
    },
    "node_modules/ws": {
      "version": "6.2.2",
      "resolved": "https://registry.npmjs.org/ws/-/ws-6.2.2.tgz",
      "integrity": "sha512-zmhltoSR8u1cnDsD43TX59mzoMZsLKqUweyYBAIvTngR3shc0W6aOZylZmq/7hqyVxPdi+5Ud2QInblgyE72fw==",
      "dependencies": {
        "async-limiter": "~1.0.0"
      }
    }
  }
}
